// !$*UTF8*$!
{
	archiveVersion = 1;
	classes = {
	};
	objectVersion = 56;
	objects = {

/* Begin PBXBuildFile section */
		C342EFA92A0DC3AC00713552 /* cookitApp.swift in Sources */ = {isa = PBXBuildFile; fileRef = C342EFA82A0DC3AC00713552 /* cookitApp.swift */; };
		C342EFAB2A0DC3AC00713552 /* ContentView.swift in Sources */ = {isa = PBXBuildFile; fileRef = C342EFAA2A0DC3AC00713552 /* ContentView.swift */; };
		C342EFAD2A0DC3AE00713552 /* Assets.xcassets in Resources */ = {isa = PBXBuildFile; fileRef = C342EFAC2A0DC3AE00713552 /* Assets.xcassets */; };
		C342EFB02A0DC3AE00713552 /* Preview Assets.xcassets in Resources */ = {isa = PBXBuildFile; fileRef = C342EFAF2A0DC3AE00713552 /* Preview Assets.xcassets */; };
		C3C79AFB2A0DCA0300618B0B /* ButtonView.swift in Sources */ = {isa = PBXBuildFile; fileRef = C3C79AFA2A0DCA0300618B0B /* ButtonView.swift */; };
		C3C79AFD2A0DCA1100618B0B /* GeneralText.swift in Sources */ = {isa = PBXBuildFile; fileRef = C3C79AFC2A0DCA1100618B0B /* GeneralText.swift */; };
		C3C79B012A0DCA3300618B0B /* PillView.swift in Sources */ = {isa = PBXBuildFile; fileRef = C3C79B002A0DCA3300618B0B /* PillView.swift */; };
		C3C79B032A0DCA9900618B0B /* LogoView.swift in Sources */ = {isa = PBXBuildFile; fileRef = C3C79B022A0DCA9900618B0B /* LogoView.swift */; };
		C3C79B0C2A0DCB1B00618B0B /* HomeView.swift in Sources */ = {isa = PBXBuildFile; fileRef = C3C79B0B2A0DCB1B00618B0B /* HomeView.swift */; };
		C3C79B102A0DCB3C00618B0B /* HeaderView.swift in Sources */ = {isa = PBXBuildFile; fileRef = C3C79B0D2A0DCB3C00618B0B /* HeaderView.swift */; };
		C3C79B112A0DCB3C00618B0B /* RecipesListView.swift in Sources */ = {isa = PBXBuildFile; fileRef = C3C79B0F2A0DCB3C00618B0B /* RecipesListView.swift */; };
		C3C79B142A0DCB9400618B0B /* InputView.swift in Sources */ = {isa = PBXBuildFile; fileRef = C3C79B132A0DCB9400618B0B /* InputView.swift */; };
		C3C79B162A0DCBA600618B0B /* LoginView.swift in Sources */ = {isa = PBXBuildFile; fileRef = C3C79B152A0DCBA600618B0B /* LoginView.swift */; };
		C3C79B192A0DCBD200618B0B /* PillList.swift in Sources */ = {isa = PBXBuildFile; fileRef = C3C79B182A0DCBD200618B0B /* PillList.swift */; };
		C3C79B1B2A0DCBDD00618B0B /* ReviewView.swift in Sources */ = {isa = PBXBuildFile; fileRef = C3C79B1A2A0DCBDD00618B0B /* ReviewView.swift */; };
		C3C79B1E2A0DCD1200618B0B /* UploadView.swift in Sources */ = {isa = PBXBuildFile; fileRef = C3C79B1D2A0DCD1200618B0B /* UploadView.swift */; };
		C3C79B242A0EF8B600618B0B /* successView.swift in Sources */ = {isa = PBXBuildFile; fileRef = C3C79B232A0EF8B600618B0B /* successView.swift */; };
		C3C79B262A0EFBCC00618B0B /* RecipeView.swift in Sources */ = {isa = PBXBuildFile; fileRef = C3C79B252A0EFBCC00618B0B /* RecipeView.swift */; };
		C3C79B292A0EFC8700618B0B /* ChefRecipePageView.swift in Sources */ = {isa = PBXBuildFile; fileRef = C3C79B282A0EFC8700618B0B /* ChefRecipePageView.swift */; };
		C3C79B2B2A0EFC9800618B0B /* FilterPage.swift in Sources */ = {isa = PBXBuildFile; fileRef = C3C79B2A2A0EFC9800618B0B /* FilterPage.swift */; };
		C3C79B2D2A0EFCB400618B0B /* SampleRecipe.swift in Sources */ = {isa = PBXBuildFile; fileRef = C3C79B2C2A0EFCB400618B0B /* SampleRecipe.swift */; };
		C3C79B2F2A0EFD1100618B0B /* ListView.swift in Sources */ = {isa = PBXBuildFile; fileRef = C3C79B2E2A0EFD1100618B0B /* ListView.swift */; };
		C3C79B322A12FCFC00618B0B /* customView.swift in Sources */ = {isa = PBXBuildFile; fileRef = C3C79B312A12FCFC00618B0B /* customView.swift */; };
		C3C79B342A1302FD00618B0B /* clone.swift in Sources */ = {isa = PBXBuildFile; fileRef = C3C79B332A1302FD00618B0B /* clone.swift */; };
		C3C79B362A13033300618B0B /* bookPageView.swift in Sources */ = {isa = PBXBuildFile; fileRef = C3C79B352A13033300618B0B /* bookPageView.swift */; };
		C3C79B382A1303C200618B0B /* SwiftUIView.swift in Sources */ = {isa = PBXBuildFile; fileRef = C3C79B372A1303C200618B0B /* SwiftUIView.swift */; };
		C3C79B3B2A143A8600618B0B /* LeaderboardView.swift in Sources */ = {isa = PBXBuildFile; fileRef = C3C79B392A143A8600618B0B /* LeaderboardView.swift */; };
		C3C79B3C2A143A8600618B0B /* ProfileView.swift in Sources */ = {isa = PBXBuildFile; fileRef = C3C79B3A2A143A8600618B0B /* ProfileView.swift */; };
/* End PBXBuildFile section */

/* Begin PBXFileReference section */
		C342EFA52A0DC3AC00713552 /* cookit.app */ = {isa = PBXFileReference; explicitFileType = wrapper.application; includeInIndex = 0; path = cookit.app; sourceTree = BUILT_PRODUCTS_DIR; };
		C342EFA82A0DC3AC00713552 /* cookitApp.swift */ = {isa = PBXFileReference; lastKnownFileType = sourcecode.swift; path = cookitApp.swift; sourceTree = "<group>"; };
		C342EFAA2A0DC3AC00713552 /* ContentView.swift */ = {isa = PBXFileReference; lastKnownFileType = sourcecode.swift; path = ContentView.swift; sourceTree = "<group>"; };
		C342EFAC2A0DC3AE00713552 /* Assets.xcassets */ = {isa = PBXFileReference; lastKnownFileType = folder.assetcatalog; path = Assets.xcassets; sourceTree = "<group>"; };
		C342EFAF2A0DC3AE00713552 /* Preview Assets.xcassets */ = {isa = PBXFileReference; lastKnownFileType = folder.assetcatalog; path = "Preview Assets.xcassets"; sourceTree = "<group>"; };
		C3C79AFA2A0DCA0300618B0B /* ButtonView.swift */ = {isa = PBXFileReference; lastKnownFileType = sourcecode.swift; path = ButtonView.swift; sourceTree = "<group>"; };
		C3C79AFC2A0DCA1100618B0B /* GeneralText.swift */ = {isa = PBXFileReference; lastKnownFileType = sourcecode.swift; path = GeneralText.swift; sourceTree = "<group>"; };
		C3C79B002A0DCA3300618B0B /* PillView.swift */ = {isa = PBXFileReference; lastKnownFileType = sourcecode.swift; path = PillView.swift; sourceTree = "<group>"; };
		C3C79B022A0DCA9900618B0B /* LogoView.swift */ = {isa = PBXFileReference; lastKnownFileType = sourcecode.swift; path = LogoView.swift; sourceTree = "<group>"; };
		C3C79B042A0DCAC500618B0B /* Montserrat-VariableFont_wght.ttf */ = {isa = PBXFileReference; lastKnownFileType = file; path = "Montserrat-VariableFont_wght.ttf"; sourceTree = "<group>"; };
		C3C79B052A0DCAC500618B0B /* BebasNeue-Regular.ttf */ = {isa = PBXFileReference; lastKnownFileType = file; path = "BebasNeue-Regular.ttf"; sourceTree = "<group>"; };
		C3C79B0B2A0DCB1B00618B0B /* HomeView.swift */ = {isa = PBXFileReference; lastKnownFileType = sourcecode.swift; path = HomeView.swift; sourceTree = "<group>"; };
		C3C79B0D2A0DCB3C00618B0B /* HeaderView.swift */ = {isa = PBXFileReference; fileEncoding = 4; lastKnownFileType = sourcecode.swift; path = HeaderView.swift; sourceTree = "<group>"; };
		C3C79B0F2A0DCB3C00618B0B /* RecipesListView.swift */ = {isa = PBXFileReference; fileEncoding = 4; lastKnownFileType = sourcecode.swift; path = RecipesListView.swift; sourceTree = "<group>"; };
		C3C79B132A0DCB9400618B0B /* InputView.swift */ = {isa = PBXFileReference; fileEncoding = 4; lastKnownFileType = sourcecode.swift; path = InputView.swift; sourceTree = "<group>"; };
		C3C79B152A0DCBA600618B0B /* LoginView.swift */ = {isa = PBXFileReference; fileEncoding = 4; lastKnownFileType = sourcecode.swift; path = LoginView.swift; sourceTree = "<group>"; };
		C3C79B182A0DCBD200618B0B /* PillList.swift */ = {isa = PBXFileReference; fileEncoding = 4; lastKnownFileType = sourcecode.swift; path = PillList.swift; sourceTree = "<group>"; };
		C3C79B1A2A0DCBDD00618B0B /* ReviewView.swift */ = {isa = PBXFileReference; fileEncoding = 4; lastKnownFileType = sourcecode.swift; path = ReviewView.swift; sourceTree = "<group>"; };
		C3C79B1D2A0DCD1200618B0B /* UploadView.swift */ = {isa = PBXFileReference; fileEncoding = 4; lastKnownFileType = sourcecode.swift; path = UploadView.swift; sourceTree = "<group>"; };
		C3C79B232A0EF8B600618B0B /* successView.swift */ = {isa = PBXFileReference; lastKnownFileType = sourcecode.swift; path = successView.swift; sourceTree = "<group>"; };
		C3C79B252A0EFBCC00618B0B /* RecipeView.swift */ = {isa = PBXFileReference; lastKnownFileType = sourcecode.swift; path = RecipeView.swift; sourceTree = "<group>"; };
		C3C79B282A0EFC8700618B0B /* ChefRecipePageView.swift */ = {isa = PBXFileReference; fileEncoding = 4; lastKnownFileType = sourcecode.swift; path = ChefRecipePageView.swift; sourceTree = "<group>"; };
		C3C79B2A2A0EFC9800618B0B /* FilterPage.swift */ = {isa = PBXFileReference; fileEncoding = 4; lastKnownFileType = sourcecode.swift; path = FilterPage.swift; sourceTree = "<group>"; };
		C3C79B2C2A0EFCB400618B0B /* SampleRecipe.swift */ = {isa = PBXFileReference; fileEncoding = 4; lastKnownFileType = sourcecode.swift; path = SampleRecipe.swift; sourceTree = "<group>"; };
		C3C79B2E2A0EFD1100618B0B /* ListView.swift */ = {isa = PBXFileReference; fileEncoding = 4; lastKnownFileType = sourcecode.swift; path = ListView.swift; sourceTree = "<group>"; };
		C3C79B312A12FCFC00618B0B /* customView.swift */ = {isa = PBXFileReference; fileEncoding = 4; lastKnownFileType = sourcecode.swift; path = customView.swift; sourceTree = "<group>"; };
		C3C79B332A1302FD00618B0B /* clone.swift */ = {isa = PBXFileReference; fileEncoding = 4; lastKnownFileType = sourcecode.swift; path = clone.swift; sourceTree = "<group>"; };
		C3C79B352A13033300618B0B /* bookPageView.swift */ = {isa = PBXFileReference; lastKnownFileType = sourcecode.swift; path = bookPageView.swift; sourceTree = "<group>"; };
		C3C79B372A1303C200618B0B /* SwiftUIView.swift */ = {isa = PBXFileReference; fileEncoding = 4; lastKnownFileType = sourcecode.swift; path = SwiftUIView.swift; sourceTree = "<group>"; };
		C3C79B392A143A8600618B0B /* LeaderboardView.swift */ = {isa = PBXFileReference; fileEncoding = 4; lastKnownFileType = sourcecode.swift; path = LeaderboardView.swift; sourceTree = "<group>"; };
		C3C79B3A2A143A8600618B0B /* ProfileView.swift */ = {isa = PBXFileReference; fileEncoding = 4; lastKnownFileType = sourcecode.swift; path = ProfileView.swift; sourceTree = "<group>"; };
/* End PBXFileReference section */

/* Begin PBXFrameworksBuildPhase section */
		C342EFA22A0DC3AC00713552 /* Frameworks */ = {
			isa = PBXFrameworksBuildPhase;
			buildActionMask = 2147483647;
			files = (
			);
			runOnlyForDeploymentPostprocessing = 0;
		};
/* End PBXFrameworksBuildPhase section */

/* Begin PBXGroup section */
		C342EF9C2A0DC3AC00713552 = {
			isa = PBXGroup;
			children = (
				C342EFA72A0DC3AC00713552 /* cookit */,
				C342EFA62A0DC3AC00713552 /* Products */,
			);
			sourceTree = "<group>";
		};
		C342EFA62A0DC3AC00713552 /* Products */ = {
			isa = PBXGroup;
			children = (
				C342EFA52A0DC3AC00713552 /* cookit.app */,
			);
			name = Products;
			sourceTree = "<group>";
		};
		C342EFA72A0DC3AC00713552 /* cookit */ = {
			isa = PBXGroup;
			children = (
				C3C79AF92A0DC9A100618B0B /* fonts */,
				C3C79AF82A0DC98800618B0B /* screens */,
				C3C79AF72A0DC97C00618B0B /* components */,
				C342EFA82A0DC3AC00713552 /* cookitApp.swift */,
				C342EFAA2A0DC3AC00713552 /* ContentView.swift */,
				C342EFAC2A0DC3AE00713552 /* Assets.xcassets */,
				C342EFAE2A0DC3AE00713552 /* Preview Content */,
			);
			path = cookit;
			sourceTree = "<group>";
		};
		C342EFAE2A0DC3AE00713552 /* Preview Content */ = {
			isa = PBXGroup;
			children = (
				C342EFAF2A0DC3AE00713552 /* Preview Assets.xcassets */,
			);
			path = "Preview Content";
			sourceTree = "<group>";
		};
		C3C79AF72A0DC97C00618B0B /* components */ = {
			isa = PBXGroup;
			children = (
				C3C79AFA2A0DCA0300618B0B /* ButtonView.swift */,
				C3C79AFC2A0DCA1100618B0B /* GeneralText.swift */,
				C3C79B002A0DCA3300618B0B /* PillView.swift */,
				C3C79B022A0DCA9900618B0B /* LogoView.swift */,
			);
			path = components;
			sourceTree = "<group>";
		};
		C3C79AF82A0DC98800618B0B /* screens */ = {
			isa = PBXGroup;
			children = (
				C3C79B302A12FCFC00618B0B /* CustomTabBar */,
				C3C79B272A0EFC2A00618B0B /* chefRecipe */,
				C3C79B222A0DCE9600618B0B /* profile */,
				C3C79B212A0DCE8B00618B0B /* filter */,
				C3C79B202A0DCE7F00618B0B /* ebook */,
				C3C79B1F2A0DCE4000618B0B /* recipe */,
				C3C79B1C2A0DCD0300618B0B /* upload */,
				C3C79B092A0DCAF400618B0B /* home */,
				C3C79B082A0DCAEF00618B0B /* login */,
				C3C79B072A0DCAE400618B0B /* review */,
				C3C79B062A0DCADC00618B0B /* success */,
			);
			path = screens;
			sourceTree = "<group>";
		};
		C3C79AF92A0DC9A100618B0B /* fonts */ = {
			isa = PBXGroup;
			children = (
				C3C79B052A0DCAC500618B0B /* BebasNeue-Regular.ttf */,
				C3C79B042A0DCAC500618B0B /* Montserrat-VariableFont_wght.ttf */,
			);
			path = fonts;
			sourceTree = "<group>";
		};
		C3C79B062A0DCADC00618B0B /* success */ = {
			isa = PBXGroup;
			children = (
				C3C79B232A0EF8B600618B0B /* successView.swift */,
			);
			path = success;
			sourceTree = "<group>";
		};
		C3C79B072A0DCAE400618B0B /* review */ = {
			isa = PBXGroup;
			children = (
				C3C79B1A2A0DCBDD00618B0B /* ReviewView.swift */,
				C3C79B172A0DCBD200618B0B /* ReviewComponents */,
			);
			path = review;
			sourceTree = "<group>";
		};
		C3C79B082A0DCAEF00618B0B /* login */ = {
			isa = PBXGroup;
			children = (
				C3C79B152A0DCBA600618B0B /* LoginView.swift */,
				C3C79B122A0DCB9400618B0B /* LoginComponents */,
			);
			path = login;
			sourceTree = "<group>";
		};
		C3C79B092A0DCAF400618B0B /* home */ = {
			isa = PBXGroup;
			children = (
				C3C79B0A2A0DCB0C00618B0B /* homeComponents */,
				C3C79B0B2A0DCB1B00618B0B /* HomeView.swift */,
			);
			path = home;
			sourceTree = "<group>";
		};
		C3C79B0A2A0DCB0C00618B0B /* homeComponents */ = {
			isa = PBXGroup;
			children = (
				C3C79B0D2A0DCB3C00618B0B /* HeaderView.swift */,
				C3C79B0F2A0DCB3C00618B0B /* RecipesListView.swift */,
			);
			path = homeComponents;
			sourceTree = "<group>";
		};
		C3C79B122A0DCB9400618B0B /* LoginComponents */ = {
			isa = PBXGroup;
			children = (
				C3C79B132A0DCB9400618B0B /* InputView.swift */,
			);
			path = LoginComponents;
			sourceTree = "<group>";
		};
		C3C79B172A0DCBD200618B0B /* ReviewComponents */ = {
			isa = PBXGroup;
			children = (
				C3C79B182A0DCBD200618B0B /* PillList.swift */,
			);
			path = ReviewComponents;
			sourceTree = "<group>";
		};
		C3C79B1C2A0DCD0300618B0B /* upload */ = {
			isa = PBXGroup;
			children = (
				C3C79B1D2A0DCD1200618B0B /* UploadView.swift */,
			);
			path = upload;
			sourceTree = "<group>";
		};
		C3C79B1F2A0DCE4000618B0B /* recipe */ = {
			isa = PBXGroup;
			children = (
				C3C79B252A0EFBCC00618B0B /* RecipeView.swift */,
			);
			path = recipe;
			sourceTree = "<group>";
		};
		C3C79B202A0DCE7F00618B0B /* ebook */ = {
			isa = PBXGroup;
			children = (
				C3C79B332A1302FD00618B0B /* clone.swift */,
				C3C79B372A1303C200618B0B /* SwiftUIView.swift */,
				C3C79B352A13033300618B0B /* bookPageView.swift */,
			);
			path = ebook;
			sourceTree = "<group>";
		};
		C3C79B212A0DCE8B00618B0B /* filter */ = {
			isa = PBXGroup;
			children = (
				C3C79B2E2A0EFD1100618B0B /* ListView.swift */,
				C3C79B2C2A0EFCB400618B0B /* SampleRecipe.swift */,
				C3C79B2A2A0EFC9800618B0B /* FilterPage.swift */,
			);
			path = filter;
			sourceTree = "<group>";
		};
		C3C79B222A0DCE9600618B0B /* profile */ = {
			isa = PBXGroup;
			children = (
				C3C79B392A143A8600618B0B /* LeaderboardView.swift */,
				C3C79B3A2A143A8600618B0B /* ProfileView.swift */,
			);
			path = profile;
			sourceTree = "<group>";
		};
		C3C79B272A0EFC2A00618B0B /* chefRecipe */ = {
			isa = PBXGroup;
			children = (
				C3C79B282A0EFC8700618B0B /* ChefRecipePageView.swift */,
			);
			path = chefRecipe;
			sourceTree = "<group>";
		};
		C3C79B302A12FCFC00618B0B /* CustomTabBar */ = {
			isa = PBXGroup;
			children = (
				C3C79B312A12FCFC00618B0B /* customView.swift */,
			);
			path = CustomTabBar;
			sourceTree = "<group>";
		};
/* End PBXGroup section */

/* Begin PBXNativeTarget section */
		C342EFA42A0DC3AC00713552 /* cookit */ = {
			isa = PBXNativeTarget;
			buildConfigurationList = C342EFB32A0DC3AE00713552 /* Build configuration list for PBXNativeTarget "cookit" */;
			buildPhases = (
				C342EFA12A0DC3AC00713552 /* Sources */,
				C342EFA22A0DC3AC00713552 /* Frameworks */,
				C342EFA32A0DC3AC00713552 /* Resources */,
			);
			buildRules = (
			);
			dependencies = (
			);
			name = cookit;
			productName = cookit;
			productReference = C342EFA52A0DC3AC00713552 /* cookit.app */;
			productType = "com.apple.product-type.application";
		};
/* End PBXNativeTarget section */

/* Begin PBXProject section */
		C342EF9D2A0DC3AC00713552 /* Project object */ = {
			isa = PBXProject;
			attributes = {
				BuildIndependentTargetsInParallel = 1;
				LastSwiftUpdateCheck = 1430;
				LastUpgradeCheck = 1430;
				TargetAttributes = {
					C342EFA42A0DC3AC00713552 = {
						CreatedOnToolsVersion = 14.3;
					};
				};
			};
			buildConfigurationList = C342EFA02A0DC3AC00713552 /* Build configuration list for PBXProject "cookit" */;
			compatibilityVersion = "Xcode 14.0";
			developmentRegion = en;
			hasScannedForEncodings = 0;
			knownRegions = (
				en,
				Base,
			);
			mainGroup = C342EF9C2A0DC3AC00713552;
			productRefGroup = C342EFA62A0DC3AC00713552 /* Products */;
			projectDirPath = "";
			projectRoot = "";
			targets = (
				C342EFA42A0DC3AC00713552 /* cookit */,
			);
		};
/* End PBXProject section */

/* Begin PBXResourcesBuildPhase section */
		C342EFA32A0DC3AC00713552 /* Resources */ = {
			isa = PBXResourcesBuildPhase;
			buildActionMask = 2147483647;
			files = (
				C342EFB02A0DC3AE00713552 /* Preview Assets.xcassets in Resources */,
				C342EFAD2A0DC3AE00713552 /* Assets.xcassets in Resources */,
			);
			runOnlyForDeploymentPostprocessing = 0;
		};
/* End PBXResourcesBuildPhase section */

/* Begin PBXSourcesBuildPhase section */
		C342EFA12A0DC3AC00713552 /* Sources */ = {
			isa = PBXSourcesBuildPhase;
			buildActionMask = 2147483647;
			files = (
				C3C79B2B2A0EFC9800618B0B /* FilterPage.swift in Sources */,
				C3C79B012A0DCA3300618B0B /* PillView.swift in Sources */,
				C3C79B382A1303C200618B0B /* SwiftUIView.swift in Sources */,
				C3C79B242A0EF8B600618B0B /* successView.swift in Sources */,
				C3C79B0C2A0DCB1B00618B0B /* HomeView.swift in Sources */,
				C3C79B032A0DCA9900618B0B /* LogoView.swift in Sources */,
				C342EFAB2A0DC3AC00713552 /* ContentView.swift in Sources */,
				C3C79B112A0DCB3C00618B0B /* RecipesListView.swift in Sources */,
				C3C79B322A12FCFC00618B0B /* customView.swift in Sources */,
				C3C79B1B2A0DCBDD00618B0B /* ReviewView.swift in Sources */,
				C3C79B3B2A143A8600618B0B /* LeaderboardView.swift in Sources */,
				C342EFA92A0DC3AC00713552 /* cookitApp.swift in Sources */,
				C3C79AFB2A0DCA0300618B0B /* ButtonView.swift in Sources */,
				C3C79B142A0DCB9400618B0B /* InputView.swift in Sources */,
				C3C79B3C2A143A8600618B0B /* ProfileView.swift in Sources */,
				C3C79B362A13033300618B0B /* bookPageView.swift in Sources */,
				C3C79B2D2A0EFCB400618B0B /* SampleRecipe.swift in Sources */,
				C3C79B2F2A0EFD1100618B0B /* ListView.swift in Sources */,
				C3C79B162A0DCBA600618B0B /* LoginView.swift in Sources */,
				C3C79B342A1302FD00618B0B /* clone.swift in Sources */,
				C3C79AFD2A0DCA1100618B0B /* GeneralText.swift in Sources */,
				C3C79B1E2A0DCD1200618B0B /* UploadView.swift in Sources */,
				C3C79B292A0EFC8700618B0B /* ChefRecipePageView.swift in Sources */,
				C3C79B192A0DCBD200618B0B /* PillList.swift in Sources */,
				C3C79B262A0EFBCC00618B0B /* RecipeView.swift in Sources */,
				C3C79B102A0DCB3C00618B0B /* HeaderView.swift in Sources */,
			);
			runOnlyForDeploymentPostprocessing = 0;
		};
/* End PBXSourcesBuildPhase section */

/* Begin XCBuildConfiguration section */
		C342EFB12A0DC3AE00713552 /* Debug */ = {
			isa = XCBuildConfiguration;
			buildSettings = {
				ALWAYS_SEARCH_USER_PATHS = NO;
				CLANG_ANALYZER_NONNULL = YES;
				CLANG_ANALYZER_NUMBER_OBJECT_CONVERSION = YES_AGGRESSIVE;
				CLANG_CXX_LANGUAGE_STANDARD = "gnu++20";
				CLANG_ENABLE_MODULES = YES;
				CLANG_ENABLE_OBJC_ARC = YES;
				CLANG_ENABLE_OBJC_WEAK = YES;
				CLANG_WARN_BLOCK_CAPTURE_AUTORELEASING = YES;
				CLANG_WARN_BOOL_CONVERSION = YES;
				CLANG_WARN_COMMA = YES;
				CLANG_WARN_CONSTANT_CONVERSION = YES;
				CLANG_WARN_DEPRECATED_OBJC_IMPLEMENTATIONS = YES;
				CLANG_WARN_DIRECT_OBJC_ISA_USAGE = YES_ERROR;
				CLANG_WARN_DOCUMENTATION_COMMENTS = YES;
				CLANG_WARN_EMPTY_BODY = YES;
				CLANG_WARN_ENUM_CONVERSION = YES;
				CLANG_WARN_INFINITE_RECURSION = YES;
				CLANG_WARN_INT_CONVERSION = YES;
				CLANG_WARN_NON_LITERAL_NULL_CONVERSION = YES;
				CLANG_WARN_OBJC_IMPLICIT_RETAIN_SELF = YES;
				CLANG_WARN_OBJC_LITERAL_CONVERSION = YES;
				CLANG_WARN_OBJC_ROOT_CLASS = YES_ERROR;
				CLANG_WARN_QUOTED_INCLUDE_IN_FRAMEWORK_HEADER = YES;
				CLANG_WARN_RANGE_LOOP_ANALYSIS = YES;
				CLANG_WARN_STRICT_PROTOTYPES = YES;
				CLANG_WARN_SUSPICIOUS_MOVE = YES;
				CLANG_WARN_UNGUARDED_AVAILABILITY = YES_AGGRESSIVE;
				CLANG_WARN_UNREACHABLE_CODE = YES;
				CLANG_WARN__DUPLICATE_METHOD_MATCH = YES;
				COPY_PHASE_STRIP = NO;
				DEBUG_INFORMATION_FORMAT = dwarf;
				ENABLE_STRICT_OBJC_MSGSEND = YES;
				ENABLE_TESTABILITY = YES;
				GCC_C_LANGUAGE_STANDARD = gnu11;
				GCC_DYNAMIC_NO_PIC = NO;
				GCC_NO_COMMON_BLOCKS = YES;
				GCC_OPTIMIZATION_LEVEL = 0;
				GCC_PREPROCESSOR_DEFINITIONS = (
					"DEBUG=1",
					"$(inherited)",
				);
				GCC_WARN_64_TO_32_BIT_CONVERSION = YES;
				GCC_WARN_ABOUT_RETURN_TYPE = YES_ERROR;
				GCC_WARN_UNDECLARED_SELECTOR = YES;
				GCC_WARN_UNINITIALIZED_AUTOS = YES_AGGRESSIVE;
				GCC_WARN_UNUSED_FUNCTION = YES;
				GCC_WARN_UNUSED_VARIABLE = YES;
				IPHONEOS_DEPLOYMENT_TARGET = 16.4;
				MTL_ENABLE_DEBUG_INFO = INCLUDE_SOURCE;
				MTL_FAST_MATH = YES;
				ONLY_ACTIVE_ARCH = YES;
				SDKROOT = iphoneos;
				SWIFT_ACTIVE_COMPILATION_CONDITIONS = DEBUG;
				SWIFT_OPTIMIZATION_LEVEL = "-Onone";
			};
			name = Debug;
		};
		C342EFB22A0DC3AE00713552 /* Release */ = {
			isa = XCBuildConfiguration;
			buildSettings = {
				ALWAYS_SEARCH_USER_PATHS = NO;
				CLANG_ANALYZER_NONNULL = YES;
				CLANG_ANALYZER_NUMBER_OBJECT_CONVERSION = YES_AGGRESSIVE;
				CLANG_CXX_LANGUAGE_STANDARD = "gnu++20";
				CLANG_ENABLE_MODULES = YES;
				CLANG_ENABLE_OBJC_ARC = YES;
				CLANG_ENABLE_OBJC_WEAK = YES;
				CLANG_WARN_BLOCK_CAPTURE_AUTORELEASING = YES;
				CLANG_WARN_BOOL_CONVERSION = YES;
				CLANG_WARN_COMMA = YES;
				CLANG_WARN_CONSTANT_CONVERSION = YES;
				CLANG_WARN_DEPRECATED_OBJC_IMPLEMENTATIONS = YES;
				CLANG_WARN_DIRECT_OBJC_ISA_USAGE = YES_ERROR;
				CLANG_WARN_DOCUMENTATION_COMMENTS = YES;
				CLANG_WARN_EMPTY_BODY = YES;
				CLANG_WARN_ENUM_CONVERSION = YES;
				CLANG_WARN_INFINITE_RECURSION = YES;
				CLANG_WARN_INT_CONVERSION = YES;
				CLANG_WARN_NON_LITERAL_NULL_CONVERSION = YES;
				CLANG_WARN_OBJC_IMPLICIT_RETAIN_SELF = YES;
				CLANG_WARN_OBJC_LITERAL_CONVERSION = YES;
				CLANG_WARN_OBJC_ROOT_CLASS = YES_ERROR;
				CLANG_WARN_QUOTED_INCLUDE_IN_FRAMEWORK_HEADER = YES;
				CLANG_WARN_RANGE_LOOP_ANALYSIS = YES;
				CLANG_WARN_STRICT_PROTOTYPES = YES;
				CLANG_WARN_SUSPICIOUS_MOVE = YES;
				CLANG_WARN_UNGUARDED_AVAILABILITY = YES_AGGRESSIVE;
				CLANG_WARN_UNREACHABLE_CODE = YES;
				CLANG_WARN__DUPLICATE_METHOD_MATCH = YES;
				COPY_PHASE_STRIP = NO;
				DEBUG_INFORMATION_FORMAT = "dwarf-with-dsym";
				ENABLE_NS_ASSERTIONS = NO;
				ENABLE_STRICT_OBJC_MSGSEND = YES;
				GCC_C_LANGUAGE_STANDARD = gnu11;
				GCC_NO_COMMON_BLOCKS = YES;
				GCC_WARN_64_TO_32_BIT_CONVERSION = YES;
				GCC_WARN_ABOUT_RETURN_TYPE = YES_ERROR;
				GCC_WARN_UNDECLARED_SELECTOR = YES;
				GCC_WARN_UNINITIALIZED_AUTOS = YES_AGGRESSIVE;
				GCC_WARN_UNUSED_FUNCTION = YES;
				GCC_WARN_UNUSED_VARIABLE = YES;
				IPHONEOS_DEPLOYMENT_TARGET = 16.4;
				MTL_ENABLE_DEBUG_INFO = NO;
				MTL_FAST_MATH = YES;
				SDKROOT = iphoneos;
				SWIFT_COMPILATION_MODE = wholemodule;
				SWIFT_OPTIMIZATION_LEVEL = "-O";
				VALIDATE_PRODUCT = YES;
			};
			name = Release;
		};
		C342EFB42A0DC3AE00713552 /* Debug */ = {
			isa = XCBuildConfiguration;
			buildSettings = {
				ASSETCATALOG_COMPILER_APPICON_NAME = AppIcon;
				ASSETCATALOG_COMPILER_GLOBAL_ACCENT_COLOR_NAME = AccentColor;
				CODE_SIGN_STYLE = Automatic;
				CURRENT_PROJECT_VERSION = 1;
				DEVELOPMENT_ASSET_PATHS = "\"cookit/Preview Content\"";
				DEVELOPMENT_TEAM = 85ADJ7JY25;
				ENABLE_PREVIEWS = YES;
				GENERATE_INFOPLIST_FILE = YES;
				INFOPLIST_KEY_UIApplicationSceneManifest_Generation = YES;
				INFOPLIST_KEY_UIApplicationSupportsIndirectInputEvents = YES;
				INFOPLIST_KEY_UILaunchScreen_Generation = YES;
				INFOPLIST_KEY_UISupportedInterfaceOrientations_iPad = "UIInterfaceOrientationPortrait UIInterfaceOrientationPortraitUpsideDown UIInterfaceOrientationLandscapeLeft UIInterfaceOrientationLandscapeRight";
				INFOPLIST_KEY_UISupportedInterfaceOrientations_iPhone = "UIInterfaceOrientationPortrait UIInterfaceOrientationLandscapeLeft UIInterfaceOrientationLandscapeRight";
				LD_RUNPATH_SEARCH_PATHS = (
					"$(inherited)",
					"@executable_path/Frameworks",
				);
				MARKETING_VERSION = 1.0;
				PRODUCT_BUNDLE_IDENTIFIER = superCooks.cookit;
				PRODUCT_NAME = "$(TARGET_NAME)";
				SWIFT_EMIT_LOC_STRINGS = YES;
				SWIFT_VERSION = 5.0;
				TARGETED_DEVICE_FAMILY = "1,2";
			};
			name = Debug;
		};
		C342EFB52A0DC3AE00713552 /* Release */ = {
			isa = XCBuildConfiguration;
			buildSettings = {
				ASSETCATALOG_COMPILER_APPICON_NAME = AppIcon;
				ASSETCATALOG_COMPILER_GLOBAL_ACCENT_COLOR_NAME = AccentColor;
				CODE_SIGN_STYLE = Automatic;
				CURRENT_PROJECT_VERSION = 1;
				DEVELOPMENT_ASSET_PATHS = "\"cookit/Preview Content\"";
				DEVELOPMENT_TEAM = 85ADJ7JY25;
				ENABLE_PREVIEWS = YES;
				GENERATE_INFOPLIST_FILE = YES;
				INFOPLIST_KEY_UIApplicationSceneManifest_Generation = YES;
				INFOPLIST_KEY_UIApplicationSupportsIndirectInputEvents = YES;
				INFOPLIST_KEY_UILaunchScreen_Generation = YES;
				INFOPLIST_KEY_UISupportedInterfaceOrientations_iPad = "UIInterfaceOrientationPortrait UIInterfaceOrientationPortraitUpsideDown UIInterfaceOrientationLandscapeLeft UIInterfaceOrientationLandscapeRight";
				INFOPLIST_KEY_UISupportedInterfaceOrientations_iPhone = "UIInterfaceOrientationPortrait UIInterfaceOrientationLandscapeLeft UIInterfaceOrientationLandscapeRight";
				LD_RUNPATH_SEARCH_PATHS = (
					"$(inherited)",
					"@executable_path/Frameworks",
				);
				MARKETING_VERSION = 1.0;
				PRODUCT_BUNDLE_IDENTIFIER = superCooks.cookit;
				PRODUCT_NAME = "$(TARGET_NAME)";
				SWIFT_EMIT_LOC_STRINGS = YES;
				SWIFT_VERSION = 5.0;
				TARGETED_DEVICE_FAMILY = "1,2";
			};
			name = Release;
		};
/* End XCBuildConfiguration section */

/* Begin XCConfigurationList section */
		C342EFA02A0DC3AC00713552 /* Build configuration list for PBXProject "cookit" */ = {
			isa = XCConfigurationList;
			buildConfigurations = (
				C342EFB12A0DC3AE00713552 /* Debug */,
				C342EFB22A0DC3AE00713552 /* Release */,
			);
			defaultConfigurationIsVisible = 0;
			defaultConfigurationName = Release;
		};
		C342EFB32A0DC3AE00713552 /* Build configuration list for PBXNativeTarget "cookit" */ = {
			isa = XCConfigurationList;
			buildConfigurations = (
				C342EFB42A0DC3AE00713552 /* Debug */,
				C342EFB52A0DC3AE00713552 /* Release */,
			);
			defaultConfigurationIsVisible = 0;
			defaultConfigurationName = Release;
		};
/* End XCConfigurationList section */
	};
	rootObject = C342EF9D2A0DC3AC00713552 /* Project object */;
}
